
Microsoft Visual Studio Solution File, Format Version 12.00
# Visual Studio Version 17
VisualStudioVersion = 17.0.31903.59
MinimumVisualStudioVersion = 10.0.40219.1
Project("{2150E333-8FDC-42A3-9474-1A3956D46DE8}") = "src", "src", "{F4AF1B9C-EBF7-4619-9242-197402371AA3}"
EndProject
Project("{2150E333-8FDC-42A3-9474-1A3956D46DE8}") = "BuildingBlocks", "BuildingBlocks", "{6D3D87D2-4076-4AC3-9096-EE5CD60AD10E}"
EndProject
Project("{FAE04EC0-301F-11D3-BF4B-00C04F79EFBC}") = "TicketFlow.BuildingBlocks", "src\BuildingBlocks\TicketFlow.BuildingBlocks\TicketFlow.BuildingBlocks.csproj", "{E0AC1BF8-E380-4F69-A68F-D6FCC2D91102}"
EndProject
Project("{2150E333-8FDC-42A3-9474-1A3956D46DE8}") = "Gateway", "Gateway", "{E5FBA0B1-F29A-4BC6-9517-4C1FDAE97CDD}"
EndProject
Project("{FAE04EC0-301F-11D3-BF4B-00C04F79EFBC}") = "TicketFlow.Gateway", "src\Gateway\TicketFlow.Gateway\TicketFlow.Gateway.csproj", "{409336F6-7553-4312-8D09-4B21EF7D9005}"
EndProject
Project("{2150E333-8FDC-42A3-9474-1A3956D46DE8}") = "Services", "Services", "{50639D40-2B98-4E71-A7F9-A5B53240E47D}"
EndProject
Project("{2150E333-8FDC-42A3-9474-1A3956D46DE8}") = "Booking", "Booking", "{4A4773EC-BE4A-468F-9FF9-1E8BAF67B2BC}"
EndProject
Project("{FAE04EC0-301F-11D3-BF4B-00C04F79EFBC}") = "Booking.Api", "src\Services\Booking\Booking.Api\Booking.Api.csproj", "{2A93E079-2724-423E-AC80-EB089B7A8472}"
EndProject
Project("{FAE04EC0-301F-11D3-BF4B-00C04F79EFBC}") = "Booking.Application", "src\Services\Booking\Booking.Application\Booking.Application.csproj", "{E6AD9317-1E33-4A68-AF74-B156A01D1332}"
EndProject
Project("{FAE04EC0-301F-11D3-BF4B-00C04F79EFBC}") = "Booking.Domain", "src\Services\Booking\Booking.Domain\Booking.Domain.csproj", "{25567957-02E6-41F0-ACA8-0199BEC7A4EB}"
EndProject
Project("{FAE04EC0-301F-11D3-BF4B-00C04F79EFBC}") = "Booking.Infrastructure", "src\Services\Booking\Booking.Infrastructure\Booking.Infrastructure.csproj", "{D8B25EBA-5CA9-4FE6-9458-10A2E7952DDF}"
EndProject
Project("{2150E333-8FDC-42A3-9474-1A3956D46DE8}") = "Catalog", "Catalog", "{0BF2361B-738F-4F01-A4BE-68665D18227E}"
EndProject
Project("{FAE04EC0-301F-11D3-BF4B-00C04F79EFBC}") = "Catalog.Api", "src\Services\Catalog\Catalog.Api\Catalog.Api.csproj", "{C103316E-68E0-4DB7-8948-0E1E93D6DD4D}"
EndProject
Project("{FAE04EC0-301F-11D3-BF4B-00C04F79EFBC}") = "Catalog.Application", "src\Services\Catalog\Catalog.Application\Catalog.Application.csproj", "{3DAF05DF-EAEA-4B4D-B727-680B90230183}"
EndProject
Project("{FAE04EC0-301F-11D3-BF4B-00C04F79EFBC}") = "Catalog.Domain", "src\Services\Catalog\Catalog.Domain\Catalog.Domain.csproj", "{276BE9D6-A58A-4660-9297-18E28EBDCC76}"
EndProject
Project("{FAE04EC0-301F-11D3-BF4B-00C04F79EFBC}") = "Catalog.Infrastructure", "src\Services\Catalog\Catalog.Infrastructure\Catalog.Infrastructure.csproj", "{46FE6D8D-A5B7-4EB3-A3A1-31037D0E6987}"
EndProject
Project("{2150E333-8FDC-42A3-9474-1A3956D46DE8}") = "Identity", "Identity", "{A0EDCF90-3722-4821-8153-0C90BC3333B4}"
EndProject
Project("{FAE04EC0-301F-11D3-BF4B-00C04F79EFBC}") = "Identity.Api", "src\Services\Identity\Identity.Api\Identity.Api.csproj", "{9AAC5A84-615B-45A9-9014-91A3363FE4A1}"
EndProject
Project("{FAE04EC0-301F-11D3-BF4B-00C04F79EFBC}") = "Identity.Application", "src\Services\Identity\Identity.Application\Identity.Application.csproj", "{5B6A951A-A75D-485A-BD96-9AB79A48DBFD}"
EndProject
Project("{FAE04EC0-301F-11D3-BF4B-00C04F79EFBC}") = "Identity.Domain", "src\Services\Identity\Identity.Domain\Identity.Domain.csproj", "{677F3B73-9D3A-46B6-B6D0-C538DD2D21C5}"
EndProject
Project("{FAE04EC0-301F-11D3-BF4B-00C04F79EFBC}") = "Identity.Infrastructure", "src\Services\Identity\Identity.Infrastructure\Identity.Infrastructure.csproj", "{B8EEE374-6BDB-471E-9F7C-C6507507EE50}"
EndProject
Project("{FAE04EC0-301F-11D3-BF4B-00C04F79EFBC}") = "TicketFlow.SimulationWorker", "src\Services\SimulationWorker\TicketFlow.SimulationWorker.csproj", "{457C5829-46AE-4E2A-BB4A-EE38E4535ED6}"
EndProject
Project("{2150E333-8FDC-42A3-9474-1A3956D46DE8}") = "tests", "tests", "{6DBE8C26-C92F-41A9-AAB3-8AFCC39C5C32}"
EndProject
Project("{FAE04EC0-301F-11D3-BF4B-00C04F79EFBC}") = "TicketFlow.UnitTests", "tests\TicketFlow.UnitTests\TicketFlow.UnitTests.csproj", "{78CE89A5-BE72-4E62-8E8A-BF47F29910FF}"
EndProject
Project("{FAE04EC0-301F-11D3-BF4B-00C04F79EFBC}") = "TicketFlow.ContractTests", "tests\TicketFlow.ContractTests\TicketFlow.ContractTests.csproj", "{15EB363E-CEF2-41C2-B711-700B8F5362F5}"
EndProject
Global
	GlobalSection(SolutionConfigurationPlatforms) = preSolution
		Debug|Any CPU = Debug|Any CPU
		Release|Any CPU = Release|Any CPU
	EndGlobalSection
	GlobalSection(SolutionProperties) = preSolution
		HideSolutionNode = FALSE
	EndGlobalSection
	GlobalSection(ProjectConfigurationPlatforms) = postSolution
		{E0AC1BF8-E380-4F69-A68F-D6FCC2D91102}.Debug|Any CPU.ActiveCfg = Debug|Any CPU
		{E0AC1BF8-E380-4F69-A68F-D6FCC2D91102}.Debug|Any CPU.Build.0 = Debug|Any CPU
		{E0AC1BF8-E380-4F69-A68F-D6FCC2D91102}.Release|Any CPU.ActiveCfg = Release|Any CPU
		{E0AC1BF8-E380-4F69-A68F-D6FCC2D91102}.Release|Any CPU.Build.0 = Release|Any CPU
		{409336F6-7553-4312-8D09-4B21EF7D9005}.Debug|Any CPU.ActiveCfg = Debug|Any CPU
		{409336F6-7553-4312-8D09-4B21EF7D9005}.Debug|Any CPU.Build.0 = Debug|Any CPU
		{409336F6-7553-4312-8D09-4B21EF7D9005}.Release|Any CPU.ActiveCfg = Release|Any CPU
		{409336F6-7553-4312-8D09-4B21EF7D9005}.Release|Any CPU.Build.0 = Release|Any CPU
		{2A93E079-2724-423E-AC80-EB089B7A8472}.Debug|Any CPU.ActiveCfg = Debug|Any CPU
		{2A93E079-2724-423E-AC80-EB089B7A8472}.Debug|Any CPU.Build.0 = Debug|Any CPU
		{2A93E079-2724-423E-AC80-EB089B7A8472}.Release|Any CPU.ActiveCfg = Release|Any CPU
		{2A93E079-2724-423E-AC80-EB089B7A8472}.Release|Any CPU.Build.0 = Release|Any CPU
		{E6AD9317-1E33-4A68-AF74-B156A01D1332}.Debug|Any CPU.ActiveCfg = Debug|Any CPU
		{E6AD9317-1E33-4A68-AF74-B156A01D1332}.Debug|Any CPU.Build.0 = Debug|Any CPU
		{E6AD9317-1E33-4A68-AF74-B156A01D1332}.Release|Any CPU.ActiveCfg = Release|Any CPU
		{E6AD9317-1E33-4A68-AF74-B156A01D1332}.Release|Any CPU.Build.0 = Release|Any CPU
		{25567957-02E6-41F0-ACA8-0199BEC7A4EB}.Debug|Any CPU.ActiveCfg = Debug|Any CPU
		{25567957-02E6-41F0-ACA8-0199BEC7A4EB}.Debug|Any CPU.Build.0 = Debug|Any CPU
		{25567957-02E6-41F0-ACA8-0199BEC7A4EB}.Release|Any CPU.ActiveCfg = Release|Any CPU
		{25567957-02E6-41F0-ACA8-0199BEC7A4EB}.Release|Any CPU.Build.0 = Release|Any CPU
		{D8B25EBA-5CA9-4FE6-9458-10A2E7952DDF}.Debug|Any CPU.ActiveCfg = Debug|Any CPU
		{D8B25EBA-5CA9-4FE6-9458-10A2E7952DDF}.Debug|Any CPU.Build.0 = Debug|Any CPU
		{D8B25EBA-5CA9-4FE6-9458-10A2E7952DDF}.Release|Any CPU.ActiveCfg = Release|Any CPU
		{D8B25EBA-5CA9-4FE6-9458-10A2E7952DDF}.Release|Any CPU.Build.0 = Release|Any CPU
		{C103316E-68E0-4DB7-8948-0E1E93D6DD4D}.Debug|Any CPU.ActiveCfg = Debug|Any CPU
		{C103316E-68E0-4DB7-8948-0E1E93D6DD4D}.Debug|Any CPU.Build.0 = Debug|Any CPU
		{C103316E-68E0-4DB7-8948-0E1E93D6DD4D}.Release|Any CPU.ActiveCfg = Release|Any CPU
		{C103316E-68E0-4DB7-8948-0E1E93D6DD4D}.Release|Any CPU.Build.0 = Release|Any CPU
		{3DAF05DF-EAEA-4B4D-B727-680B90230183}.Debug|Any CPU.ActiveCfg = Debug|Any CPU
		{3DAF05DF-EAEA-4B4D-B727-680B90230183}.Debug|Any CPU.Build.0 = Debug|Any CPU
		{3DAF05DF-EAEA-4B4D-B727-680B90230183}.Release|Any CPU.ActiveCfg = Release|Any CPU
		{3DAF05DF-EAEA-4B4D-B727-680B90230183}.Release|Any CPU.Build.0 = Release|Any CPU
		{276BE9D6-A58A-4660-9297-18E28EBDCC76}.Debug|Any CPU.ActiveCfg = Debug|Any CPU
		{276BE9D6-A58A-4660-9297-18E28EBDCC76}.Debug|Any CPU.Build.0 = Debug|Any CPU
		{276BE9D6-A58A-4660-9297-18E28EBDCC76}.Release|Any CPU.ActiveCfg = Release|Any CPU
		{276BE9D6-A58A-4660-9297-18E28EBDCC76}.Release|Any CPU.Build.0 = Release|Any CPU
		{46FE6D8D-A5B7-4EB3-A3A1-31037D0E6987}.Debug|Any CPU.ActiveCfg = Debug|Any CPU
		{46FE6D8D-A5B7-4EB3-A3A1-31037D0E6987}.Debug|Any CPU.Build.0 = Debug|Any CPU
		{46FE6D8D-A5B7-4EB3-A3A1-31037D0E6987}.Release|Any CPU.ActiveCfg = Release|Any CPU
		{46FE6D8D-A5B7-4EB3-A3A1-31037D0E6987}.Release|Any CPU.Build.0 = Release|Any CPU
		{9AAC5A84-615B-45A9-9014-91A3363FE4A1}.Debug|Any CPU.ActiveCfg = Debug|Any CPU
		{9AAC5A84-615B-45A9-9014-91A3363FE4A1}.Debug|Any CPU.Build.0 = Debug|Any CPU
		{9AAC5A84-615B-45A9-9014-91A3363FE4A1}.Release|Any CPU.ActiveCfg = Release|Any CPU
		{9AAC5A84-615B-45A9-9014-91A3363FE4A1}.Release|Any CPU.Build.0 = Release|Any CPU
		{5B6A951A-A75D-485A-BD96-9AB79A48DBFD}.Debug|Any CPU.ActiveCfg = Debug|Any CPU
		{5B6A951A-A75D-485A-BD96-9AB79A48DBFD}.Debug|Any CPU.Build.0 = Debug|Any CPU
		{5B6A951A-A75D-485A-BD96-9AB79A48DBFD}.Release|Any CPU.ActiveCfg = Release|Any CPU
		{5B6A951A-A75D-485A-BD96-9AB79A48DBFD}.Release|Any CPU.Build.0 = Release|Any CPU
		{677F3B73-9D3A-46B6-B6D0-C538DD2D21C5}.Debug|Any CPU.ActiveCfg = Debug|Any CPU
		{677F3B73-9D3A-46B6-B6D0-C538DD2D21C5}.Debug|Any CPU.Build.0 = Debug|Any CPU
		{677F3B73-9D3A-46B6-B6D0-C538DD2D21C5}.Release|Any CPU.ActiveCfg = Release|Any CPU
		{677F3B73-9D3A-46B6-B6D0-C538DD2D21C5}.Release|Any CPU.Build.0 = Release|Any CPU
		{B8EEE374-6BDB-471E-9F7C-C6507507EE50}.Debug|Any CPU.ActiveCfg = Debug|Any CPU
		{B8EEE374-6BDB-471E-9F7C-C6507507EE50}.Debug|Any CPU.Build.0 = Debug|Any CPU
		{B8EEE374-6BDB-471E-9F7C-C6507507EE50}.Release|Any CPU.ActiveCfg = Release|Any CPU
		{B8EEE374-6BDB-471E-9F7C-C6507507EE50}.Release|Any CPU.Build.0 = Release|Any CPU
		{457C5829-46AE-4E2A-BB4A-EE38E4535ED6}.Debug|Any CPU.ActiveCfg = Debug|Any CPU
		{457C5829-46AE-4E2A-BB4A-EE38E4535ED6}.Debug|Any CPU.Build.0 = Debug|Any CPU
		{457C5829-46AE-4E2A-BB4A-EE38E4535ED6}.Release|Any CPU.ActiveCfg = Release|Any CPU
		{457C5829-46AE-4E2A-BB4A-EE38E4535ED6}.Release|Any CPU.Build.0 = Release|Any CPU
		{78CE89A5-BE72-4E62-8E8A-BF47F29910FF}.Debug|Any CPU.ActiveCfg = Debug|Any CPU
		{78CE89A5-BE72-4E62-8E8A-BF47F29910FF}.Debug|Any CPU.Build.0 = Debug|Any CPU
		{78CE89A5-BE72-4E62-8E8A-BF47F29910FF}.Release|Any CPU.ActiveCfg = Release|Any CPU
		{78CE89A5-BE72-4E62-8E8A-BF47F29910FF}.Release|Any CPU.Build.0 = Release|Any CPU
		{15EB363E-CEF2-41C2-B711-700B8F5362F5}.Debug|Any CPU.ActiveCfg = Debug|Any CPU
		{15EB363E-CEF2-41C2-B711-700B8F5362F5}.Debug|Any CPU.Build.0 = Debug|Any CPU
		{15EB363E-CEF2-41C2-B711-700B8F5362F5}.Release|Any CPU.ActiveCfg = Release|Any CPU
		{15EB363E-CEF2-41C2-B711-700B8F5362F5}.Release|Any CPU.Build.0 = Release|Any CPU
	EndGlobalSection
	GlobalSection(NestedProjects) = preSolution
		{6D3D87D2-4076-4AC3-9096-EE5CD60AD10E} = {F4AF1B9C-EBF7-4619-9242-197402371AA3}
		{E0AC1BF8-E380-4F69-A68F-D6FCC2D91102} = {6D3D87D2-4076-4AC3-9096-EE5CD60AD10E}
		{E5FBA0B1-F29A-4BC6-9517-4C1FDAE97CDD} = {F4AF1B9C-EBF7-4619-9242-197402371AA3}
		{409336F6-7553-4312-8D09-4B21EF7D9005} = {E5FBA0B1-F29A-4BC6-9517-4C1FDAE97CDD}
		{50639D40-2B98-4E71-A7F9-A5B53240E47D} = {F4AF1B9C-EBF7-4619-9242-197402371AA3}
		{4A4773EC-BE4A-468F-9FF9-1E8BAF67B2BC} = {50639D40-2B98-4E71-A7F9-A5B53240E47D}
		{2A93E079-2724-423E-AC80-EB089B7A8472} = {4A4773EC-BE4A-468F-9FF9-1E8BAF67B2BC}
		{E6AD9317-1E33-4A68-AF74-B156A01D1332} = {4A4773EC-BE4A-468F-9FF9-1E8BAF67B2BC}
		{25567957-02E6-41F0-ACA8-0199BEC7A4EB} = {4A4773EC-BE4A-468F-9FF9-1E8BAF67B2BC}
		{D8B25EBA-5CA9-4FE6-9458-10A2E7952DDF} = {4A4773EC-BE4A-468F-9FF9-1E8BAF67B2BC}
		{0BF2361B-738F-4F01-A4BE-68665D18227E} = {50639D40-2B98-4E71-A7F9-A5B53240E47D}
		{C103316E-68E0-4DB7-8948-0E1E93D6DD4D} = {0BF2361B-738F-4F01-A4BE-68665D18227E}
		{3DAF05DF-EAEA-4B4D-B727-680B90230183} = {0BF2361B-738F-4F01-A4BE-68665D18227E}
		{276BE9D6-A58A-4660-9297-18E28EBDCC76} = {0BF2361B-738F-4F01-A4BE-68665D18227E}
		{46FE6D8D-A5B7-4EB3-A3A1-31037D0E6987} = {0BF2361B-738F-4F01-A4BE-68665D18227E}
		{A0EDCF90-3722-4821-8153-0C90BC3333B4} = {50639D40-2B98-4E71-A7F9-A5B53240E47D}
		{9AAC5A84-615B-45A9-9014-91A3363FE4A1} = {A0EDCF90-3722-4821-8153-0C90BC3333B4}
		{5B6A951A-A75D-485A-BD96-9AB79A48DBFD} = {A0EDCF90-3722-4821-8153-0C90BC3333B4}
		{677F3B73-9D3A-46B6-B6D0-C538DD2D21C5} = {A0EDCF90-3722-4821-8153-0C90BC3333B4}
		{B8EEE374-6BDB-471E-9F7C-C6507507EE50} = {A0EDCF90-3722-4821-8153-0C90BC3333B4}
		{457C5829-46AE-4E2A-BB4A-EE38E4535ED6} = {50639D40-2B98-4E71-A7F9-A5B53240E47D}
		{78CE89A5-BE72-4E62-8E8A-BF47F29910FF} = {6DBE8C26-C92F-41A9-AAB3-8AFCC39C5C32}
		{15EB363E-CEF2-41C2-B711-700B8F5362F5} = {6DBE8C26-C92F-41A9-AAB3-8AFCC39C5C32}
	EndGlobalSection
EndGlobal
